
Microsoft Visual Studio Solution File, Format Version 12.00
# Visual Studio Version 17
VisualStudioVersion = 17.5.33502.453
MinimumVisualStudioVersion = 10.0.40219.1
Project("{FAE04EC0-301F-11D3-BF4B-00C04F79EFBC}") = "HangfireExample", "HangfireExample\HangfireExample.csproj", "{B215D3F0-61AD-475F-ABCB-94C6B643354A}"
EndProject
Global
	GlobalSection(SolutionConfigurationPlatforms) = preSolution
		Debug|Any CPU = Debug|Any CPU
		Release|Any CPU = Release|Any CPU
	EndGlobalSection
	GlobalSection(ProjectConfigurationPlatforms) = postSolution
		{B215D3F0-61AD-475F-ABCB-94C6B643354A}.Debug|Any CPU.ActiveCfg = Debug|Any CPU
		{B215D3F0-61AD-475F-ABCB-94C6B643354A}.Debug|Any CPU.Build.0 = Debug|Any CPU
		{B215D3F0-61AD-475F-ABCB-94C6B643354A}.Release|Any CPU.ActiveCfg = Release|Any CPU
		{B215D3F0-61AD-475F-ABCB-94C6B643354A}.Release|Any CPU.Build.0 = Release|Any CPU
	EndGlobalSection
	GlobalSection(SolutionProperties) = preSolution
		HideSolutionNode = FALSE
	EndGlobalSection
	GlobalSection(ExtensibilityGlobals) = postSolution
		SolutionGuid = {A1A03D00-AFBF-4CED-931F-DAA37C576CBD}
	EndGlobalSection
EndGlobal
